// !$*UTF8*$!
{
	archiveVersion = 1;
	classes = {
	};
	objectVersion = 48;
	objects = {

/* Begin PBXBuildFile section */
		B0CA8F871F6E7D07008A8493 /* CartClient.swift in Sources */ = {isa = PBXBuildFile; fileRef = B0CA8F861F6E7D07008A8493 /* CartClient.swift */; };
		B0CA8F8A1F6E7DE5008A8493 /* Seller.swift in Sources */ = {isa = PBXBuildFile; fileRef = B0CA8F891F6E7DE5008A8493 /* Seller.swift */; };
		B0CA8F8D1F6E7E95008A8493 /* CartViewModel.swift in Sources */ = {isa = PBXBuildFile; fileRef = B0CA8F8C1F6E7E95008A8493 /* CartViewModel.swift */; };
		B0CA8F8F1F6E7EFD008A8493 /* Cart.swift in Sources */ = {isa = PBXBuildFile; fileRef = B0CA8F8E1F6E7EFD008A8493 /* Cart.swift */; };
		B0CA8F9A1F6E83FC008A8493 /* CartViewController.swift in Sources */ = {isa = PBXBuildFile; fileRef = B0CA8F991F6E83FC008A8493 /* CartViewController.swift */; };
		B0CA8F9B1F6E8491008A8493 /* Main.storyboard in Resources */ = {isa = PBXBuildFile; fileRef = B0CA8F941F6E834A008A8493 /* Main.storyboard */; };
		B0CA8F9C1F6E8493008A8493 /* LaunchScreen.storyboard in Resources */ = {isa = PBXBuildFile; fileRef = B0CA8F921F6E834A008A8493 /* LaunchScreen.storyboard */; };
		B0E5D6691F6E6AD7007FFAB1 /* AppDelegate.swift in Sources */ = {isa = PBXBuildFile; fileRef = B0E5D6681F6E6AD7007FFAB1 /* AppDelegate.swift */; };
		B0E5D6701F6E6AD7007FFAB1 /* Assets.xcassets in Resources */ = {isa = PBXBuildFile; fileRef = B0E5D66F1F6E6AD7007FFAB1 /* Assets.xcassets */; };
		BF7EFC3A5498ED06F00FE598 /* Pods_Cart.framework in Frameworks */ = {isa = PBXBuildFile; fileRef = FE0D36CEEDFA9B8BE6531F41 /* Pods_Cart.framework */; };
/* End PBXBuildFile section */

/* Begin PBXFileReference section */
		B0CA8F861F6E7D07008A8493 /* CartClient.swift */ = {isa = PBXFileReference; lastKnownFileType = sourcecode.swift; path = CartClient.swift; sourceTree = "<group>"; };
		B0CA8F891F6E7DE5008A8493 /* Seller.swift */ = {isa = PBXFileReference; lastKnownFileType = sourcecode.swift; path = Seller.swift; sourceTree = "<group>"; };
		B0CA8F8C1F6E7E95008A8493 /* CartViewModel.swift */ = {isa = PBXFileReference; lastKnownFileType = sourcecode.swift; path = CartViewModel.swift; sourceTree = "<group>"; };
		B0CA8F8E1F6E7EFD008A8493 /* Cart.swift */ = {isa = PBXFileReference; lastKnownFileType = sourcecode.swift; path = Cart.swift; sourceTree = "<group>"; };
		B0CA8F931F6E834A008A8493 /* Base */ = {isa = PBXFileReference; lastKnownFileType = file.storyboard; name = Base; path = LaunchScreen.storyboard; sourceTree = "<group>"; };
		B0CA8F951F6E834A008A8493 /* Base */ = {isa = PBXFileReference; lastKnownFileType = file.storyboard; name = Base; path = Main.storyboard; sourceTree = "<group>"; };
		B0CA8F991F6E83FC008A8493 /* CartViewController.swift */ = {isa = PBXFileReference; lastKnownFileType = sourcecode.swift; path = CartViewController.swift; sourceTree = "<group>"; };
		B0E5D6651F6E6AD7007FFAB1 /* Cart.app */ = {isa = PBXFileReference; explicitFileType = wrapper.application; includeInIndex = 0; path = Cart.app; sourceTree = BUILT_PRODUCTS_DIR; };
		B0E5D6681F6E6AD7007FFAB1 /* AppDelegate.swift */ = {isa = PBXFileReference; lastKnownFileType = sourcecode.swift; path = AppDelegate.swift; sourceTree = "<group>"; };
		B0E5D66F1F6E6AD7007FFAB1 /* Assets.xcassets */ = {isa = PBXFileReference; lastKnownFileType = folder.assetcatalog; path = Assets.xcassets; sourceTree = "<group>"; };
		B0E5D6741F6E6AD7007FFAB1 /* Info.plist */ = {isa = PBXFileReference; lastKnownFileType = text.plist.xml; path = Info.plist; sourceTree = "<group>"; };
		C9AD993A2EEEA498F517B5A2 /* Pods-Cart.debug.xcconfig */ = {isa = PBXFileReference; includeInIndex = 1; lastKnownFileType = text.xcconfig; name = "Pods-Cart.debug.xcconfig"; path = "Pods/Target Support Files/Pods-Cart/Pods-Cart.debug.xcconfig"; sourceTree = "<group>"; };
		CC51E23D879BF5DEFCDCC870 /* Pods-Cart.release.xcconfig */ = {isa = PBXFileReference; includeInIndex = 1; lastKnownFileType = text.xcconfig; name = "Pods-Cart.release.xcconfig"; path = "Pods/Target Support Files/Pods-Cart/Pods-Cart.release.xcconfig"; sourceTree = "<group>"; };
		FE0D36CEEDFA9B8BE6531F41 /* Pods_Cart.framework */ = {isa = PBXFileReference; explicitFileType = wrapper.framework; includeInIndex = 0; path = Pods_Cart.framework; sourceTree = BUILT_PRODUCTS_DIR; };
/* End PBXFileReference section */

/* Begin PBXFrameworksBuildPhase section */
		B0E5D6621F6E6AD7007FFAB1 /* Frameworks */ = {
			isa = PBXFrameworksBuildPhase;
			buildActionMask = 2147483647;
			files = (
				BF7EFC3A5498ED06F00FE598 /* Pods_Cart.framework in Frameworks */,
			);
			runOnlyForDeploymentPostprocessing = 0;
		};
/* End PBXFrameworksBuildPhase section */

/* Begin PBXGroup section */
		27C7A119337C2667725EDCA9 /* Frameworks */ = {
			isa = PBXGroup;
			children = (
				FE0D36CEEDFA9B8BE6531F41 /* Pods_Cart.framework */,
			);
			name = Frameworks;
			sourceTree = "<group>";
		};
		5CEC0DAE525AF62BFB3A6E71 /* Pods */ = {
			isa = PBXGroup;
			children = (
				C9AD993A2EEEA498F517B5A2 /* Pods-Cart.debug.xcconfig */,
				CC51E23D879BF5DEFCDCC870 /* Pods-Cart.release.xcconfig */,
			);
			name = Pods;
			sourceTree = "<group>";
		};
		B0CA8F851F6E7CE6008A8493 /* Services */ = {
			isa = PBXGroup;
			children = (
				B0CA8F861F6E7D07008A8493 /* CartClient.swift */,
			);
			path = Services;
			sourceTree = "<group>";
		};
		B0CA8F881F6E7DDB008A8493 /* Entity */ = {
			isa = PBXGroup;
			children = (
				B0CA8F891F6E7DE5008A8493 /* Seller.swift */,
				B0CA8F8E1F6E7EFD008A8493 /* Cart.swift */,
			);
			path = Entity;
			sourceTree = "<group>";
		};
		B0CA8F8B1F6E7E86008A8493 /* ViewModels */ = {
			isa = PBXGroup;
			children = (
				B0CA8F8C1F6E7E95008A8493 /* CartViewModel.swift */,
			);
			path = ViewModels;
			sourceTree = "<group>";
		};
		B0CA8F901F6E830A008A8493 /* Resources */ = {
			isa = PBXGroup;
			children = (
				B0E5D6741F6E6AD7007FFAB1 /* Info.plist */,
				B0CA8F911F6E834A008A8493 /* Base.lproj */,
				B0E5D66F1F6E6AD7007FFAB1 /* Assets.xcassets */,
			);
			path = Resources;
			sourceTree = "<group>";
		};
		B0CA8F911F6E834A008A8493 /* Base.lproj */ = {
			isa = PBXGroup;
			children = (
				B0CA8F921F6E834A008A8493 /* LaunchScreen.storyboard */,
				B0CA8F941F6E834A008A8493 /* Main.storyboard */,
			);
			path = Base.lproj;
			sourceTree = "<group>";
		};
		B0CA8F961F6E83A0008A8493 /* ViewControllers */ = {
			isa = PBXGroup;
			children = (
				B0CA8F991F6E83FC008A8493 /* CartViewController.swift */,
			);
			path = ViewControllers;
			sourceTree = "<group>";
		};
		B0CA8F9D1F6E84F6008A8493 /* SectionControllers */ = {
			isa = PBXGroup;
			children = (
			);
			path = SectionControllers;
			sourceTree = "<group>";
		};
		B0E5D65C1F6E6AD7007FFAB1 = {
			isa = PBXGroup;
			children = (
				B0E5D6671F6E6AD7007FFAB1 /* Cart */,
				B0E5D6661F6E6AD7007FFAB1 /* Products */,
				5CEC0DAE525AF62BFB3A6E71 /* Pods */,
				27C7A119337C2667725EDCA9 /* Frameworks */,
			);
			sourceTree = "<group>";
		};
		B0E5D6661F6E6AD7007FFAB1 /* Products */ = {
			isa = PBXGroup;
			children = (
				B0E5D6651F6E6AD7007FFAB1 /* Cart.app */,
			);
			name = Products;
			sourceTree = "<group>";
		};
		B0E5D6671F6E6AD7007FFAB1 /* Cart */ = {
			isa = PBXGroup;
			children = (
				B0E5D6681F6E6AD7007FFAB1 /* AppDelegate.swift */,
				B0CA8F881F6E7DDB008A8493 /* Entity */,
				B0CA8F901F6E830A008A8493 /* Resources */,
				B0CA8F9D1F6E84F6008A8493 /* SectionControllers */,
				B0CA8F851F6E7CE6008A8493 /* Services */,
				B0CA8F961F6E83A0008A8493 /* ViewControllers */,
				B0CA8F8B1F6E7E86008A8493 /* ViewModels */,
			);
			path = Cart;
			sourceTree = "<group>";
		};
/* End PBXGroup section */

/* Begin PBXNativeTarget section */
		B0E5D6641F6E6AD7007FFAB1 /* Cart */ = {
			isa = PBXNativeTarget;
			buildConfigurationList = B0E5D6771F6E6AD7007FFAB1 /* Build configuration list for PBXNativeTarget "Cart" */;
			buildPhases = (
				68EA9159ED0D228BA2FDE06A /* [CP] Check Pods Manifest.lock */,
				B0E5D6611F6E6AD7007FFAB1 /* Sources */,
				B0E5D6621F6E6AD7007FFAB1 /* Frameworks */,
				B0E5D6631F6E6AD7007FFAB1 /* Resources */,
				DC951111248CC1577D61B24A /* [CP] Embed Pods Frameworks */,
				211FCF0774650D74C3CD440F /* [CP] Copy Pods Resources */,
			);
			buildRules = (
			);
			dependencies = (
			);
			name = Cart;
			productName = Cart;
			productReference = B0E5D6651F6E6AD7007FFAB1 /* Cart.app */;
			productType = "com.apple.product-type.application";
		};
/* End PBXNativeTarget section */

/* Begin PBXProject section */
		B0E5D65D1F6E6AD7007FFAB1 /* Project object */ = {
			isa = PBXProject;
			attributes = {
				LastSwiftUpdateCheck = 0900;
				LastUpgradeCheck = 0900;
				ORGANIZATIONNAME = "Ambas Chobsanti (Lazada Group)";
				TargetAttributes = {
					B0E5D6641F6E6AD7007FFAB1 = {
						CreatedOnToolsVersion = 9.0;
						ProvisioningStyle = Automatic;
					};
				};
			};
			buildConfigurationList = B0E5D6601F6E6AD7007FFAB1 /* Build configuration list for PBXProject "Cart" */;
			compatibilityVersion = "Xcode 8.0";
			developmentRegion = en;
			hasScannedForEncodings = 0;
			knownRegions = (
				en,
				Base,
			);
			mainGroup = B0E5D65C1F6E6AD7007FFAB1;
			productRefGroup = B0E5D6661F6E6AD7007FFAB1 /* Products */;
			projectDirPath = "";
			projectRoot = "";
			targets = (
				B0E5D6641F6E6AD7007FFAB1 /* Cart */,
			);
		};
/* End PBXProject section */

/* Begin PBXResourcesBuildPhase section */
		B0E5D6631F6E6AD7007FFAB1 /* Resources */ = {
			isa = PBXResourcesBuildPhase;
			buildActionMask = 2147483647;
			files = (
				B0CA8F9C1F6E8493008A8493 /* LaunchScreen.storyboard in Resources */,
				B0E5D6701F6E6AD7007FFAB1 /* Assets.xcassets in Resources */,
				B0CA8F9B1F6E8491008A8493 /* Main.storyboard in Resources */,
			);
			runOnlyForDeploymentPostprocessing = 0;
		};
/* End PBXResourcesBuildPhase section */

/* Begin PBXShellScriptBuildPhase section */
		211FCF0774650D74C3CD440F /* [CP] Copy Pods Resources */ = {
			isa = PBXShellScriptBuildPhase;
			buildActionMask = 2147483647;
			files = (
			);
			inputPaths = (
			);
			name = "[CP] Copy Pods Resources";
			outputPaths = (
			);
			runOnlyForDeploymentPostprocessing = 0;
			shellPath = /bin/sh;
			shellScript = "\"${SRCROOT}/Pods/Target Support Files/Pods-Cart/Pods-Cart-resources.sh\"\n";
			showEnvVarsInLog = 0;
		};
		68EA9159ED0D228BA2FDE06A /* [CP] Check Pods Manifest.lock */ = {
			isa = PBXShellScriptBuildPhase;
			buildActionMask = 2147483647;
			files = (
			);
			inputPaths = (
				"${PODS_PODFILE_DIR_PATH}/Podfile.lock",
				"${PODS_ROOT}/Manifest.lock",
			);
			name = "[CP] Check Pods Manifest.lock";
			outputPaths = (
				"$(DERIVED_FILE_DIR)/Pods-Cart-checkManifestLockResult.txt",
			);
			runOnlyForDeploymentPostprocessing = 0;
			shellPath = /bin/sh;
			shellScript = "diff \"${PODS_PODFILE_DIR_PATH}/Podfile.lock\" \"${PODS_ROOT}/Manifest.lock\" > /dev/null\nif [ $? != 0 ] ; then\n    # print error to STDERR\n    echo \"error: The sandbox is not in sync with the Podfile.lock. Run 'pod install' or update your CocoaPods installation.\" >&2\n    exit 1\nfi\n# This output is used by Xcode 'outputs' to avoid re-running this script phase.\necho \"SUCCESS\" > \"${SCRIPT_OUTPUT_FILE_0}\"\n";
			showEnvVarsInLog = 0;
		};
		DC951111248CC1577D61B24A /* [CP] Embed Pods Frameworks */ = {
			isa = PBXShellScriptBuildPhase;
			buildActionMask = 2147483647;
			files = (
			);
			inputPaths = (
				"${SRCROOT}/Pods/Target Support Files/Pods-Cart/Pods-Cart-frameworks.sh",
				"${BUILT_PRODUCTS_DIR}/Hatstall/Hatstall.framework",
				"${BUILT_PRODUCTS_DIR}/IGListKit/IGListKit.framework",
				"${BUILT_PRODUCTS_DIR}/ObjectMapper/ObjectMapper.framework",
				"${BUILT_PRODUCTS_DIR}/Swinject/Swinject.framework",
				"${BUILT_PRODUCTS_DIR}/SwinjectStoryboard/SwinjectStoryboard.framework",
			);
			name = "[CP] Embed Pods Frameworks";
			outputPaths = (
				"${TARGET_BUILD_DIR}/${FRAMEWORKS_FOLDER_PATH}/Hatstall.framework",
				"${TARGET_BUILD_DIR}/${FRAMEWORKS_FOLDER_PATH}/IGListKit.framework",
				"${TARGET_BUILD_DIR}/${FRAMEWORKS_FOLDER_PATH}/ObjectMapper.framework",
				"${TARGET_BUILD_DIR}/${FRAMEWORKS_FOLDER_PATH}/Swinject.framework",
				"${TARGET_BUILD_DIR}/${FRAMEWORKS_FOLDER_PATH}/SwinjectStoryboard.framework",
			);
			runOnlyForDeploymentPostprocessing = 0;
			shellPath = /bin/sh;
			shellScript = "\"${SRCROOT}/Pods/Target Support Files/Pods-Cart/Pods-Cart-frameworks.sh\"\n";
			showEnvVarsInLog = 0;
		};
/* End PBXShellScriptBuildPhase section */

/* Begin PBXSourcesBuildPhase section */
		B0E5D6611F6E6AD7007FFAB1 /* Sources */ = {
			isa = PBXSourcesBuildPhase;
			buildActionMask = 2147483647;
			files = (
				B0CA8F8F1F6E7EFD008A8493 /* Cart.swift in Sources */,
				B0CA8F8D1F6E7E95008A8493 /* CartViewModel.swift in Sources */,
				B0E5D6691F6E6AD7007FFAB1 /* AppDelegate.swift in Sources */,
				B0CA8F8A1F6E7DE5008A8493 /* Seller.swift in Sources */,
				B0CA8F9A1F6E83FC008A8493 /* CartViewController.swift in Sources */,
				B0CA8F871F6E7D07008A8493 /* CartClient.swift in Sources */,
			);
			runOnlyForDeploymentPostprocessing = 0;
		};
/* End PBXSourcesBuildPhase section */

/* Begin PBXVariantGroup section */
		B0CA8F921F6E834A008A8493 /* LaunchScreen.storyboard */ = {
			isa = PBXVariantGroup;
			children = (
				B0CA8F931F6E834A008A8493 /* Base */,
			);
			name = LaunchScreen.storyboard;
			sourceTree = "<group>";
		};
		B0CA8F941F6E834A008A8493 /* Main.storyboard */ = {
			isa = PBXVariantGroup;
			children = (
				B0CA8F951F6E834A008A8493 /* Base */,
			);
			name = Main.storyboard;
			sourceTree = "<group>";
		};
/* End PBXVariantGroup section */

/* Begin XCBuildConfiguration section */
		B0E5D6751F6E6AD7007FFAB1 /* Debug */ = {
			isa = XCBuildConfiguration;
			buildSettings = {
				ALWAYS_SEARCH_USER_PATHS = NO;
				CLANG_ANALYZER_NONNULL = YES;
				CLANG_ANALYZER_NUMBER_OBJECT_CONVERSION = YES_AGGRESSIVE;
				CLANG_CXX_LANGUAGE_STANDARD = "gnu++14";
				CLANG_CXX_LIBRARY = "libc++";
				CLANG_ENABLE_MODULES = YES;
				CLANG_ENABLE_OBJC_ARC = YES;
				CLANG_WARN_BLOCK_CAPTURE_AUTORELEASING = YES;
				CLANG_WARN_BOOL_CONVERSION = YES;
				CLANG_WARN_COMMA = YES;
				CLANG_WARN_CONSTANT_CONVERSION = YES;
				CLANG_WARN_DIRECT_OBJC_ISA_USAGE = YES_ERROR;
				CLANG_WARN_DOCUMENTATION_COMMENTS = YES;
				CLANG_WARN_EMPTY_BODY = YES;
				CLANG_WARN_ENUM_CONVERSION = YES;
				CLANG_WARN_INFINITE_RECURSION = YES;
				CLANG_WARN_INT_CONVERSION = YES;
				CLANG_WARN_NON_LITERAL_NULL_CONVERSION = YES;
				CLANG_WARN_OBJC_LITERAL_CONVERSION = YES;
				CLANG_WARN_OBJC_ROOT_CLASS = YES_ERROR;
				CLANG_WARN_RANGE_LOOP_ANALYSIS = YES;
				CLANG_WARN_STRICT_PROTOTYPES = YES;
				CLANG_WARN_SUSPICIOUS_MOVE = YES;
				CLANG_WARN_UNGUARDED_AVAILABILITY = YES_AGGRESSIVE;
				CLANG_WARN_UNREACHABLE_CODE = YES;
				CLANG_WARN__DUPLICATE_METHOD_MATCH = YES;
				CODE_SIGN_IDENTITY = "iPhone Developer";
				COPY_PHASE_STRIP = NO;
				DEBUG_INFORMATION_FORMAT = dwarf;
				ENABLE_STRICT_OBJC_MSGSEND = YES;
				ENABLE_TESTABILITY = YES;
				GCC_C_LANGUAGE_STANDARD = gnu11;
				GCC_DYNAMIC_NO_PIC = NO;
				GCC_NO_COMMON_BLOCKS = YES;
				GCC_OPTIMIZATION_LEVEL = 0;
				GCC_PREPROCESSOR_DEFINITIONS = (
					"DEBUG=1",
					"$(inherited)",
				);
				GCC_WARN_64_TO_32_BIT_CONVERSION = YES;
				GCC_WARN_ABOUT_RETURN_TYPE = YES_ERROR;
				GCC_WARN_UNDECLARED_SELECTOR = YES;
				GCC_WARN_UNINITIALIZED_AUTOS = YES_AGGRESSIVE;
				GCC_WARN_UNUSED_FUNCTION = YES;
				GCC_WARN_UNUSED_VARIABLE = YES;
				IPHONEOS_DEPLOYMENT_TARGET = 11.0;
				MTL_ENABLE_DEBUG_INFO = YES;
				ONLY_ACTIVE_ARCH = YES;
				SDKROOT = iphoneos;
				SWIFT_ACTIVE_COMPILATION_CONDITIONS = DEBUG;
				SWIFT_OPTIMIZATION_LEVEL = "-Onone";
				SWIFT_VERSION = 3.0;
			};
			name = Debug;
		};
		B0E5D6761F6E6AD7007FFAB1 /* Release */ = {
			isa = XCBuildConfiguration;
			buildSettings = {
				ALWAYS_SEARCH_USER_PATHS = NO;
				CLANG_ANALYZER_NONNULL = YES;
				CLANG_ANALYZER_NUMBER_OBJECT_CONVERSION = YES_AGGRESSIVE;
				CLANG_CXX_LANGUAGE_STANDARD = "gnu++14";
				CLANG_CXX_LIBRARY = "libc++";
				CLANG_ENABLE_MODULES = YES;
				CLANG_ENABLE_OBJC_ARC = YES;
				CLANG_WARN_BLOCK_CAPTURE_AUTORELEASING = YES;
				CLANG_WARN_BOOL_CONVERSION = YES;
				CLANG_WARN_COMMA = YES;
				CLANG_WARN_CONSTANT_CONVERSION = YES;
				CLANG_WARN_DIRECT_OBJC_ISA_USAGE = YES_ERROR;
				CLANG_WARN_DOCUMENTATION_COMMENTS = YES;
				CLANG_WARN_EMPTY_BODY = YES;
				CLANG_WARN_ENUM_CONVERSION = YES;
				CLANG_WARN_INFINITE_RECURSION = YES;
				CLANG_WARN_INT_CONVERSION = YES;
				CLANG_WARN_NON_LITERAL_NULL_CONVERSION = YES;
				CLANG_WARN_OBJC_LITERAL_CONVERSION = YES;
				CLANG_WARN_OBJC_ROOT_CLASS = YES_ERROR;
				CLANG_WARN_RANGE_LOOP_ANALYSIS = YES;
				CLANG_WARN_STRICT_PROTOTYPES = YES;
				CLANG_WARN_SUSPICIOUS_MOVE = YES;
				CLANG_WARN_UNGUARDED_AVAILABILITY = YES_AGGRESSIVE;
				CLANG_WARN_UNREACHABLE_CODE = YES;
				CLANG_WARN__DUPLICATE_METHOD_MATCH = YES;
				CODE_SIGN_IDENTITY = "iPhone Developer";
				COPY_PHASE_STRIP = NO;
				DEBUG_INFORMATION_FORMAT = "dwarf-with-dsym";
				ENABLE_NS_ASSERTIONS = NO;
				ENABLE_STRICT_OBJC_MSGSEND = YES;
				GCC_C_LANGUAGE_STANDARD = gnu11;
				GCC_NO_COMMON_BLOCKS = YES;
				GCC_WARN_64_TO_32_BIT_CONVERSION = YES;
				GCC_WARN_ABOUT_RETURN_TYPE = YES_ERROR;
				GCC_WARN_UNDECLARED_SELECTOR = YES;
				GCC_WARN_UNINITIALIZED_AUTOS = YES_AGGRESSIVE;
				GCC_WARN_UNUSED_FUNCTION = YES;
				GCC_WARN_UNUSED_VARIABLE = YES;
				IPHONEOS_DEPLOYMENT_TARGET = 11.0;
				MTL_ENABLE_DEBUG_INFO = NO;
				SDKROOT = iphoneos;
				SWIFT_OPTIMIZATION_LEVEL = "-Owholemodule";
				SWIFT_VERSION = 3.0;
				VALIDATE_PRODUCT = YES;
			};
			name = Release;
		};
		B0E5D6781F6E6AD7007FFAB1 /* Debug */ = {
			isa = XCBuildConfiguration;
			baseConfigurationReference = C9AD993A2EEEA498F517B5A2 /* Pods-Cart.debug.xcconfig */;
			buildSettings = {
				ASSETCATALOG_COMPILER_APPICON_NAME = AppIcon;
				CODE_SIGN_STYLE = Automatic;
				DEVELOPMENT_TEAM = RFHB3HM9HS;
				INFOPLIST_FILE = Cart/Resources/Info.plist;
				LD_RUNPATH_SEARCH_PATHS = "$(inherited) @executable_path/Frameworks";
				PRODUCT_BUNDLE_IDENTIFIER = com.ambas.Cart;
				PRODUCT_NAME = "$(TARGET_NAME)";
				SWIFT_VERSION = 3.0;
				TARGETED_DEVICE_FAMILY = "1,2";
			};
			name = Debug;
		};
		B0E5D6791F6E6AD7007FFAB1 /* Release */ = {
			isa = XCBuildConfiguration;
			baseConfigurationReference = CC51E23D879BF5DEFCDCC870 /* Pods-Cart.release.xcconfig */;
			buildSettings = {
				ASSETCATALOG_COMPILER_APPICON_NAME = AppIcon;
				CODE_SIGN_STYLE = Automatic;
				DEVELOPMENT_TEAM = RFHB3HM9HS;
				INFOPLIST_FILE = Cart/Resources/Info.plist;
				LD_RUNPATH_SEARCH_PATHS = "$(inherited) @executable_path/Frameworks";
				PRODUCT_BUNDLE_IDENTIFIER = com.ambas.Cart;
				PRODUCT_NAME = "$(TARGET_NAME)";
				SWIFT_VERSION = 3.0;
				TARGETED_DEVICE_FAMILY = "1,2";
			};
			name = Release;
		};
/* End XCBuildConfiguration section */

/* Begin XCConfigurationList section */
		B0E5D6601F6E6AD7007FFAB1 /* Build configuration list for PBXProject "Cart" */ = {
			isa = XCConfigurationList;
			buildConfigurations = (
				B0E5D6751F6E6AD7007FFAB1 /* Debug */,
				B0E5D6761F6E6AD7007FFAB1 /* Release */,
			);
			defaultConfigurationIsVisible = 0;
			defaultConfigurationName = Release;
		};
		B0E5D6771F6E6AD7007FFAB1 /* Build configuration list for PBXNativeTarget "Cart" */ = {
			isa = XCConfigurationList;
			buildConfigurations = (
				B0E5D6781F6E6AD7007FFAB1 /* Debug */,
				B0E5D6791F6E6AD7007FFAB1 /* Release */,
			);
			defaultConfigurationIsVisible = 0;
			defaultConfigurationName = Release;
		};
/* End XCConfigurationList section */
	};
	rootObject = B0E5D65D1F6E6AD7007FFAB1 /* Project object */;
}
